
Microsoft Visual Studio Solution File, Format Version 12.00
Project("{FAE04EC0-301F-11D3-BF4B-00C04F79EFBC}") = "CommonLibrary", "CommonLibrary.csproj", "{9B7B94DC-E467-420D-B7C0-5D666D3F3ED1}"
EndProject
Global
	GlobalSection(SolutionConfigurationPlatforms) = preSolution
		Debug|Any CPU = Debug|Any CPU
		Release|Any CPU = Release|Any CPU
	EndGlobalSection
	GlobalSection(ProjectConfigurationPlatforms) = postSolution
		{9B7B94DC-E467-420D-B7C0-5D666D3F3ED1}.Debug|Any CPU.ActiveCfg = Debug|Any CPU
		{9B7B94DC-E467-420D-B7C0-5D666D3F3ED1}.Debug|Any CPU.Build.0 = Debug|Any CPU
		{9B7B94DC-E467-420D-B7C0-5D666D3F3ED1}.Release|Any CPU.ActiveCfg = Release|Any CPU
		{9B7B94DC-E467-420D-B7C0-5D666D3F3ED1}.Release|Any CPU.Build.0 = Release|Any CPU
	EndGlobalSection
EndGlobal
